# THIS IS AN AUTOGENERATED FILE. DO NOT EDIT THIS FILE DIRECTLY.
# yarn lockfile v1


lucide-react@^0.469.0:
  version "0.469.0"
  resolved "https://registry.yarnpkg.com/lucide-react/-/lucide-react-0.469.0.tgz#f16936ca6521482fef754a7eabb310e6c68e1482"
  integrity sha512-28vvUnnKQ/dBwiCQtwJw7QauYnE7yd2Cyp4tTTJpvglX4EMpbflcdBgrgToX2j71B3YvugK/NH3BGUk+E/p/Fw==
